
Microsoft Visual Studio Solution File, Format Version 12.00
# Visual Studio 15
VisualStudioVersion = 15.0.26730.8
MinimumVisualStudioVersion = 10.0.40219.1
Project("{FAE04EC0-301F-11D3-BF4B-00C04F79EFBC}") = "ReadPostgreSQLDotNet", "ReadPostgreSQLDotNet.csproj", "{12D6F56E-097E-43BA-923C-DF2B01ED571C}"
EndProject
Global
	GlobalSection(SolutionConfigurationPlatforms) = preSolution
		Debug|Any CPU = Debug|Any CPU
		Release|Any CPU = Release|Any CPU
	EndGlobalSection
	GlobalSection(ProjectConfigurationPlatforms) = postSolution
		{12D6F56E-097E-43BA-923C-DF2B01ED571C}.Debug|Any CPU.ActiveCfg = Debug|Any CPU
		{12D6F56E-097E-43BA-923C-DF2B01ED571C}.Debug|Any CPU.Build.0 = Debug|Any CPU
		{12D6F56E-097E-43BA-923C-DF2B01ED571C}.Release|Any CPU.ActiveCfg = Release|Any CPU
		{12D6F56E-097E-43BA-923C-DF2B01ED571C}.Release|Any CPU.Build.0 = Release|Any CPU
	EndGlobalSection
	GlobalSection(SolutionProperties) = preSolution
		HideSolutionNode = FALSE
	EndGlobalSection
	GlobalSection(ExtensibilityGlobals) = postSolution
		SolutionGuid = {EE9F17F9-A6F3-49DD-B3E6-8982E7E7EFB6}
	EndGlobalSection
EndGlobal
